Microsoft Visual Studio Solution File, Format Version 12.00
# Visual Studio Version 17
VisualStudioVersion = 17.5.2.0
MinimumVisualStudioVersion = 10.0.40219.1
Project("{FAE04EC0-301F-11D3-BF4B-00C04F79EFBC}") = "ExampleAsyncAwait", "ExampleAsyncAwait.csproj", "{24A4FD9D-F215-C9E1-C642-D3482C311E0D}"
EndProject
Global
	GlobalSection(SolutionConfigurationPlatforms) = preSolution
		Debug|Any CPU = Debug|Any CPU
		Release|Any CPU = Release|Any CPU
	EndGlobalSection
	GlobalSection(ProjectConfigurationPlatforms) = postSolution
		{24A4FD9D-F215-C9E1-C642-D3482C311E0D}.Debug|Any CPU.ActiveCfg = Debug|Any CPU
		{24A4FD9D-F215-C9E1-C642-D3482C311E0D}.Debug|Any CPU.Build.0 = Debug|Any CPU
		{24A4FD9D-F215-C9E1-C642-D3482C311E0D}.Release|Any CPU.ActiveCfg = Release|Any CPU
		{24A4FD9D-F215-C9E1-C642-D3482C311E0D}.Release|Any CPU.Build.0 = Release|Any CPU
	EndGlobalSection
	GlobalSection(SolutionProperties) = preSolution
		HideSolutionNode = FALSE
	EndGlobalSection
	GlobalSection(ExtensibilityGlobals) = postSolution
		SolutionGuid = {C391A8CE-903D-43E3-82B7-6CFB90B8B555}
	EndGlobalSection
EndGlobal
